
Microsoft Visual Studio Solution File, Format Version 12.00
# Visual Studio 15
VisualStudioVersion = 15.0.28307.106
MinimumVisualStudioVersion = 10.0.40219.1
Project("{FAE04EC0-301F-11D3-BF4B-00C04F79EFBC}") = "WebApplication3", "WebApplication3\WebApplication3.csproj", "{85EF2DA8-1050-4245-9944-E30CC56051BF}"
EndProject
Global
	GlobalSection(SolutionConfigurationPlatforms) = preSolution
		Debug|Any CPU = Debug|Any CPU
		Release|Any CPU = Release|Any CPU
	EndGlobalSection
	GlobalSection(ProjectConfigurationPlatforms) = postSolution
		{85EF2DA8-1050-4245-9944-E30CC56051BF}.Debug|Any CPU.ActiveCfg = Debug|Any CPU
		{85EF2DA8-1050-4245-9944-E30CC56051BF}.Debug|Any CPU.Build.0 = Debug|Any CPU
		{85EF2DA8-1050-4245-9944-E30CC56051BF}.Release|Any CPU.ActiveCfg = Release|Any CPU
		{85EF2DA8-1050-4245-9944-E30CC56051BF}.Release|Any CPU.Build.0 = Release|Any CPU
	EndGlobalSection
	GlobalSection(SolutionProperties) = preSolution
		HideSolutionNode = FALSE
	EndGlobalSection
	GlobalSection(ExtensibilityGlobals) = postSolution
		SolutionGuid = {AAA98E9B-CA4F-434A-95B3-0FA2BF141C49}
	EndGlobalSection
EndGlobal
